
Microsoft Visual Studio Solution File, Format Version 12.00
# Visual Studio Version 16
VisualStudioVersion = 16.0.32510.428
MinimumVisualStudioVersion = 10.0.40219.1
Project("{FAE04EC0-301F-11D3-BF4B-00C04F79EFBC}") = "MenuItemListing", "MenuItemListing\MenuItemListing.csproj", "{59E96555-4831-4A69-A34E-63819D893B83}"
EndProject
Global
	GlobalSection(SolutionConfigurationPlatforms) = preSolution
		Debug|Any CPU = Debug|Any CPU
		Release|Any CPU = Release|Any CPU
	EndGlobalSection
	GlobalSection(ProjectConfigurationPlatforms) = postSolution
		{59E96555-4831-4A69-A34E-63819D893B83}.Debug|Any CPU.ActiveCfg = Debug|Any CPU
		{59E96555-4831-4A69-A34E-63819D893B83}.Debug|Any CPU.Build.0 = Debug|Any CPU
		{59E96555-4831-4A69-A34E-63819D893B83}.Release|Any CPU.ActiveCfg = Release|Any CPU
		{59E96555-4831-4A69-A34E-63819D893B83}.Release|Any CPU.Build.0 = Release|Any CPU
	EndGlobalSection
	GlobalSection(SolutionProperties) = preSolution
		HideSolutionNode = FALSE
	EndGlobalSection
	GlobalSection(ExtensibilityGlobals) = postSolution
		SolutionGuid = {5D8555AE-F871-4E48-96AB-CEF1DAA1C695}
	EndGlobalSection
EndGlobal
